
Microsoft Visual Studio Solution File, Format Version 12.00
# Visual Studio Version 17
VisualStudioVersion = 17.8.34309.116
MinimumVisualStudioVersion = 10.0.40219.1
Project("{9A19103F-16F7-4668-BE54-9A1E7A4F7556}") = "ProductsDemoApi", "ProductsDemoApi\ProductsDemoApi.csproj", "{FA9568F0-CA49-45F9-8BAA-EDE8D6764BEA}"
EndProject
Global
	GlobalSection(SolutionConfigurationPlatforms) = preSolution
		Debug|Any CPU = Debug|Any CPU
		Release|Any CPU = Release|Any CPU
	EndGlobalSection
	GlobalSection(ProjectConfigurationPlatforms) = postSolution
		{FA9568F0-CA49-45F9-8BAA-EDE8D6764BEA}.Debug|Any CPU.ActiveCfg = Debug|Any CPU
		{FA9568F0-CA49-45F9-8BAA-EDE8D6764BEA}.Debug|Any CPU.Build.0 = Debug|Any CPU
		{FA9568F0-CA49-45F9-8BAA-EDE8D6764BEA}.Release|Any CPU.ActiveCfg = Release|Any CPU
		{FA9568F0-CA49-45F9-8BAA-EDE8D6764BEA}.Release|Any CPU.Build.0 = Release|Any CPU
	EndGlobalSection
	GlobalSection(SolutionProperties) = preSolution
		HideSolutionNode = FALSE
	EndGlobalSection
	GlobalSection(ExtensibilityGlobals) = postSolution
		SolutionGuid = {5258D361-79BC-4A43-A555-8211D4ED269D}
	EndGlobalSection
EndGlobal
